
Microsoft Visual Studio Solution File, Format Version 12.00
# Visual Studio Version 17
VisualStudioVersion = 17.6.33723.286
MinimumVisualStudioVersion = 10.0.40219.1
Project("{9A19103F-16F7-4668-BE54-9A1E7A4F7556}") = "string task3", "string task3\string task3.csproj", "{666BA37E-5CEB-41C2-98E5-6B6A5C43AE91}"
EndProject
Project("{FAE04EC0-301F-11D3-BF4B-00C04F79EFBC}") = "string task 1", "string task 1\string task 1.csproj", "{63F336E7-F28A-4FF4-B3D4-F04349389D1C}"
EndProject
Project("{FAE04EC0-301F-11D3-BF4B-00C04F79EFBC}") = "string task 2", "string task 2\string task 2.csproj", "{64E91E99-FF89-464A-94E7-6FE26F5AC83F}"
EndProject
Global
	GlobalSection(SolutionConfigurationPlatforms) = preSolution
		Debug|Any CPU = Debug|Any CPU
		Release|Any CPU = Release|Any CPU
	EndGlobalSection
	GlobalSection(ProjectConfigurationPlatforms) = postSolution
		{666BA37E-5CEB-41C2-98E5-6B6A5C43AE91}.Debug|Any CPU.ActiveCfg = Debug|Any CPU
		{666BA37E-5CEB-41C2-98E5-6B6A5C43AE91}.Debug|Any CPU.Build.0 = Debug|Any CPU
		{666BA37E-5CEB-41C2-98E5-6B6A5C43AE91}.Release|Any CPU.ActiveCfg = Release|Any CPU
		{666BA37E-5CEB-41C2-98E5-6B6A5C43AE91}.Release|Any CPU.Build.0 = Release|Any CPU
		{63F336E7-F28A-4FF4-B3D4-F04349389D1C}.Debug|Any CPU.ActiveCfg = Debug|Any CPU
		{63F336E7-F28A-4FF4-B3D4-F04349389D1C}.Debug|Any CPU.Build.0 = Debug|Any CPU
		{63F336E7-F28A-4FF4-B3D4-F04349389D1C}.Release|Any CPU.ActiveCfg = Release|Any CPU
		{63F336E7-F28A-4FF4-B3D4-F04349389D1C}.Release|Any CPU.Build.0 = Release|Any CPU
		{64E91E99-FF89-464A-94E7-6FE26F5AC83F}.Debug|Any CPU.ActiveCfg = Debug|Any CPU
		{64E91E99-FF89-464A-94E7-6FE26F5AC83F}.Debug|Any CPU.Build.0 = Debug|Any CPU
		{64E91E99-FF89-464A-94E7-6FE26F5AC83F}.Release|Any CPU.ActiveCfg = Release|Any CPU
		{64E91E99-FF89-464A-94E7-6FE26F5AC83F}.Release|Any CPU.Build.0 = Release|Any CPU
	EndGlobalSection
	GlobalSection(SolutionProperties) = preSolution
		HideSolutionNode = FALSE
	EndGlobalSection
	GlobalSection(ExtensibilityGlobals) = postSolution
		SolutionGuid = {9A409B7A-373B-4DCD-AA42-28A60398ACB8}
	EndGlobalSection
EndGlobal
